
Microsoft Visual Studio Solution File, Format Version 12.00
# Visual Studio 15
VisualStudioVersion = 15.0.28307.136
MinimumVisualStudioVersion = 10.0.40219.1
Project("{FAE04EC0-301F-11D3-BF4B-00C04F79EFBC}") = "ParallelProcessFileDemo", "ParallelProcessFileDemo\ParallelProcessFileDemo.csproj", "{F453813D-2BB2-48A6-A236-77DFA72EA03D}"
EndProject
Project("{FAE04EC0-301F-11D3-BF4B-00C04F79EFBC}") = "DirectoryEnumTestApplication", "FastDirectoryEnumerator_src\DirectoryEnumTestApplication.csproj", "{B178092B-06CF-4FCF-9D20-69E14650136F}"
EndProject
Project("{FAE04EC0-301F-11D3-BF4B-00C04F79EFBC}") = "DataflowDemo", "DataflowDemo\DataflowDemo.csproj", "{00B4D75A-309B-460E-A3CB-F1ED638BF510}"
EndProject
Project("{FAE04EC0-301F-11D3-BF4B-00C04F79EFBC}") = "DataflowWinformDemo", "DataflowWinformDemo\DataflowWinformDemo.csproj", "{C6B9847F-80B9-40E7-827C-A3412C0ECDAA}"
EndProject
Project("{FAE04EC0-301F-11D3-BF4B-00C04F79EFBC}") = "Dataflow", "Dataflow\Dataflow.csproj", "{04F89DC4-D764-4EAB-9F4B-A2B9B1AB19A7}"
EndProject
Global
	GlobalSection(SolutionConfigurationPlatforms) = preSolution
		Debug|Any CPU = Debug|Any CPU
		Release|Any CPU = Release|Any CPU
	EndGlobalSection
	GlobalSection(ProjectConfigurationPlatforms) = postSolution
		{F453813D-2BB2-48A6-A236-77DFA72EA03D}.Debug|Any CPU.ActiveCfg = Debug|Any CPU
		{F453813D-2BB2-48A6-A236-77DFA72EA03D}.Debug|Any CPU.Build.0 = Debug|Any CPU
		{F453813D-2BB2-48A6-A236-77DFA72EA03D}.Release|Any CPU.ActiveCfg = Release|Any CPU
		{F453813D-2BB2-48A6-A236-77DFA72EA03D}.Release|Any CPU.Build.0 = Release|Any CPU
		{B178092B-06CF-4FCF-9D20-69E14650136F}.Debug|Any CPU.ActiveCfg = Debug|Any CPU
		{B178092B-06CF-4FCF-9D20-69E14650136F}.Debug|Any CPU.Build.0 = Debug|Any CPU
		{B178092B-06CF-4FCF-9D20-69E14650136F}.Release|Any CPU.ActiveCfg = Release|Any CPU
		{B178092B-06CF-4FCF-9D20-69E14650136F}.Release|Any CPU.Build.0 = Release|Any CPU
		{00B4D75A-309B-460E-A3CB-F1ED638BF510}.Debug|Any CPU.ActiveCfg = Debug|Any CPU
		{00B4D75A-309B-460E-A3CB-F1ED638BF510}.Debug|Any CPU.Build.0 = Debug|Any CPU
		{00B4D75A-309B-460E-A3CB-F1ED638BF510}.Release|Any CPU.ActiveCfg = Release|Any CPU
		{00B4D75A-309B-460E-A3CB-F1ED638BF510}.Release|Any CPU.Build.0 = Release|Any CPU
		{C6B9847F-80B9-40E7-827C-A3412C0ECDAA}.Debug|Any CPU.ActiveCfg = Debug|Any CPU
		{C6B9847F-80B9-40E7-827C-A3412C0ECDAA}.Debug|Any CPU.Build.0 = Debug|Any CPU
		{C6B9847F-80B9-40E7-827C-A3412C0ECDAA}.Release|Any CPU.ActiveCfg = Release|Any CPU
		{C6B9847F-80B9-40E7-827C-A3412C0ECDAA}.Release|Any CPU.Build.0 = Release|Any CPU
		{04F89DC4-D764-4EAB-9F4B-A2B9B1AB19A7}.Debug|Any CPU.ActiveCfg = Debug|Any CPU
		{04F89DC4-D764-4EAB-9F4B-A2B9B1AB19A7}.Debug|Any CPU.Build.0 = Debug|Any CPU
		{04F89DC4-D764-4EAB-9F4B-A2B9B1AB19A7}.Release|Any CPU.ActiveCfg = Release|Any CPU
		{04F89DC4-D764-4EAB-9F4B-A2B9B1AB19A7}.Release|Any CPU.Build.0 = Release|Any CPU
	EndGlobalSection
	GlobalSection(SolutionProperties) = preSolution
		HideSolutionNode = FALSE
	EndGlobalSection
	GlobalSection(ExtensibilityGlobals) = postSolution
		SolutionGuid = {DB93AA6E-59AA-423F-9855-0B1B699A8197}
	EndGlobalSection
EndGlobal
